// !$*UTF8*$!
{
	archiveVersion = 1;
	classes = {
	};
	objectVersion = 50;
	objects = {

/* Begin PBXBuildFile section */
		08967E57065242942D974417 /* Pods_BsuirSchedule.framework in Frameworks */ = {isa = PBXBuildFile; fileRef = 1C0475F25D4F0A6464F4C497 /* Pods_BsuirSchedule.framework */; };
		F33DAC1D217E5105006C65C5 /* EmployeeScheduleJSON.swift in Sources */ = {isa = PBXBuildFile; fileRef = F33DAC1C217E5105006C65C5 /* EmployeeScheduleJSON.swift */; };
		F33DAC25217E5196006C65C5 /* ListsJSON.swift in Sources */ = {isa = PBXBuildFile; fileRef = F33DAC24217E5196006C65C5 /* ListsJSON.swift */; };
		F33DAC27217E51C9006C65C5 /* DateAndWeekJSON.swift in Sources */ = {isa = PBXBuildFile; fileRef = F33DAC26217E51C9006C65C5 /* DateAndWeekJSON.swift */; };
		F35E4FB42179090800AD6B95 /* SettingsTableViewController.swift in Sources */ = {isa = PBXBuildFile; fileRef = F35E4FB32179090800AD6B95 /* SettingsTableViewController.swift */; };
		F386C6BE2173BCD7001B8500 /* ScheduleTableViewController.swift in Sources */ = {isa = PBXBuildFile; fileRef = F386C6BD2173BCD7001B8500 /* ScheduleTableViewController.swift */; };
		F386C6C32173BEA0001B8500 /* StudSchedule.swift in Sources */ = {isa = PBXBuildFile; fileRef = F386C6C22173BEA0001B8500 /* StudSchedule.swift */; };
		F386C6C52173BEDD001B8500 /* Weekday.swift in Sources */ = {isa = PBXBuildFile; fileRef = F386C6C42173BEDD001B8500 /* Weekday.swift */; };
		F386C6C72173BEF8001B8500 /* Subject.swift in Sources */ = {isa = PBXBuildFile; fileRef = F386C6C62173BEF8001B8500 /* Subject.swift */; };
		F386C6C92173BF25001B8500 /* Teacher.swift in Sources */ = {isa = PBXBuildFile; fileRef = F386C6C82173BF25001B8500 /* Teacher.swift */; };
		F39DB7582198AF9B00FE5A89 /* OnlineData.swift in Sources */ = {isa = PBXBuildFile; fileRef = F39DB7572198AF9B00FE5A89 /* OnlineData.swift */; };
		F3C1652821734C0D0019BC9B /* AppDelegate.swift in Sources */ = {isa = PBXBuildFile; fileRef = F3C1652721734C0D0019BC9B /* AppDelegate.swift */; };
		F3C1652D21734C0D0019BC9B /* Main.storyboard in Resources */ = {isa = PBXBuildFile; fileRef = F3C1652B21734C0D0019BC9B /* Main.storyboard */; };
		F3C1652F21734C0E0019BC9B /* Assets.xcassets in Resources */ = {isa = PBXBuildFile; fileRef = F3C1652E21734C0E0019BC9B /* Assets.xcassets */; };
		F3C1653221734C0E0019BC9B /* LaunchScreen.storyboard in Resources */ = {isa = PBXBuildFile; fileRef = F3C1653021734C0E0019BC9B /* LaunchScreen.storyboard */; };
		F3C1653A21734C610019BC9B /* GroupScheduleJSON.swift in Sources */ = {isa = PBXBuildFile; fileRef = F3C1653921734C610019BC9B /* GroupScheduleJSON.swift */; };
		F3FA1A5D2174695100A3E06C /* Parser.swift in Sources */ = {isa = PBXBuildFile; fileRef = F3FA1A5C2174695100A3E06C /* Parser.swift */; };
		F3FA1A5F21748C5400A3E06C /* ScheduleTableViewCell.swift in Sources */ = {isa = PBXBuildFile; fileRef = F3FA1A5E21748C5400A3E06C /* ScheduleTableViewCell.swift */; };
		F3FA1A6121749C3F00A3E06C /* Schedule.swift in Sources */ = {isa = PBXBuildFile; fileRef = F3FA1A6021749C3F00A3E06C /* Schedule.swift */; };
/* End PBXBuildFile section */

/* Begin PBXFileReference section */
		1C0475F25D4F0A6464F4C497 /* Pods_BsuirSchedule.framework */ = {isa = PBXFileReference; explicitFileType = wrapper.framework; includeInIndex = 0; path = Pods_BsuirSchedule.framework; sourceTree = BUILT_PRODUCTS_DIR; };
		6C7C21292A15CDF86CB9B030 /* Pods-BsuirSchedule.debug.xcconfig */ = {isa = PBXFileReference; includeInIndex = 1; lastKnownFileType = text.xcconfig; name = "Pods-BsuirSchedule.debug.xcconfig"; path = "Pods/Target Support Files/Pods-BsuirSchedule/Pods-BsuirSchedule.debug.xcconfig"; sourceTree = "<group>"; };
		9A4A555EF88C146F2BD80D96 /* Pods-BsuirSchedule.release.xcconfig */ = {isa = PBXFileReference; includeInIndex = 1; lastKnownFileType = text.xcconfig; name = "Pods-BsuirSchedule.release.xcconfig"; path = "Pods/Target Support Files/Pods-BsuirSchedule/Pods-BsuirSchedule.release.xcconfig"; sourceTree = "<group>"; };
		F33DAC1C217E5105006C65C5 /* EmployeeScheduleJSON.swift */ = {isa = PBXFileReference; lastKnownFileType = sourcecode.swift; path = EmployeeScheduleJSON.swift; sourceTree = "<group>"; };
		F33DAC24217E5196006C65C5 /* ListsJSON.swift */ = {isa = PBXFileReference; lastKnownFileType = sourcecode.swift; path = ListsJSON.swift; sourceTree = "<group>"; };
		F33DAC26217E51C9006C65C5 /* DateAndWeekJSON.swift */ = {isa = PBXFileReference; lastKnownFileType = sourcecode.swift; path = DateAndWeekJSON.swift; sourceTree = "<group>"; };
		F35E4FB32179090800AD6B95 /* SettingsTableViewController.swift */ = {isa = PBXFileReference; lastKnownFileType = sourcecode.swift; path = SettingsTableViewController.swift; sourceTree = "<group>"; };
		F386C6BD2173BCD7001B8500 /* ScheduleTableViewController.swift */ = {isa = PBXFileReference; lastKnownFileType = sourcecode.swift; path = ScheduleTableViewController.swift; sourceTree = "<group>"; };
		F386C6C22173BEA0001B8500 /* StudSchedule.swift */ = {isa = PBXFileReference; lastKnownFileType = sourcecode.swift; path = StudSchedule.swift; sourceTree = "<group>"; };
		F386C6C42173BEDD001B8500 /* Weekday.swift */ = {isa = PBXFileReference; lastKnownFileType = sourcecode.swift; path = Weekday.swift; sourceTree = "<group>"; };
		F386C6C62173BEF8001B8500 /* Subject.swift */ = {isa = PBXFileReference; lastKnownFileType = sourcecode.swift; path = Subject.swift; sourceTree = "<group>"; };
		F386C6C82173BF25001B8500 /* Teacher.swift */ = {isa = PBXFileReference; lastKnownFileType = sourcecode.swift; path = Teacher.swift; sourceTree = "<group>"; };
		F39DB7572198AF9B00FE5A89 /* OnlineData.swift */ = {isa = PBXFileReference; lastKnownFileType = sourcecode.swift; path = OnlineData.swift; sourceTree = "<group>"; };
		F3C1652421734C0D0019BC9B /* BsuirSchedule.app */ = {isa = PBXFileReference; explicitFileType = wrapper.application; includeInIndex = 0; path = BsuirSchedule.app; sourceTree = BUILT_PRODUCTS_DIR; };
		F3C1652721734C0D0019BC9B /* AppDelegate.swift */ = {isa = PBXFileReference; lastKnownFileType = sourcecode.swift; path = AppDelegate.swift; sourceTree = "<group>"; };
		F3C1652C21734C0D0019BC9B /* Base */ = {isa = PBXFileReference; lastKnownFileType = file.storyboard; name = Base; path = Base.lproj/Main.storyboard; sourceTree = "<group>"; };
		F3C1652E21734C0E0019BC9B /* Assets.xcassets */ = {isa = PBXFileReference; lastKnownFileType = folder.assetcatalog; path = Assets.xcassets; sourceTree = "<group>"; };
		F3C1653121734C0E0019BC9B /* Base */ = {isa = PBXFileReference; lastKnownFileType = file.storyboard; name = Base; path = Base.lproj/LaunchScreen.storyboard; sourceTree = "<group>"; };
		F3C1653321734C0E0019BC9B /* Info.plist */ = {isa = PBXFileReference; lastKnownFileType = text.plist.xml; path = Info.plist; sourceTree = "<group>"; };
		F3C1653921734C610019BC9B /* GroupScheduleJSON.swift */ = {isa = PBXFileReference; lastKnownFileType = sourcecode.swift; path = GroupScheduleJSON.swift; sourceTree = "<group>"; };
		F3FA1A5C2174695100A3E06C /* Parser.swift */ = {isa = PBXFileReference; lastKnownFileType = sourcecode.swift; path = Parser.swift; sourceTree = "<group>"; };
		F3FA1A5E21748C5400A3E06C /* ScheduleTableViewCell.swift */ = {isa = PBXFileReference; lastKnownFileType = sourcecode.swift; path = ScheduleTableViewCell.swift; sourceTree = "<group>"; };
		F3FA1A6021749C3F00A3E06C /* Schedule.swift */ = {isa = PBXFileReference; lastKnownFileType = sourcecode.swift; path = Schedule.swift; sourceTree = "<group>"; };
/* End PBXFileReference section */

/* Begin PBXFrameworksBuildPhase section */
		F3C1652121734C0D0019BC9B /* Frameworks */ = {
			isa = PBXFrameworksBuildPhase;
			buildActionMask = 2147483647;
			files = (
				08967E57065242942D974417 /* Pods_BsuirSchedule.framework in Frameworks */,
			);
			runOnlyForDeploymentPostprocessing = 0;
		};
/* End PBXFrameworksBuildPhase section */

/* Begin PBXGroup section */
		08BD88DB3C2EEF21E965F814 /* Pods */ = {
			isa = PBXGroup;
			children = (
				6C7C21292A15CDF86CB9B030 /* Pods-BsuirSchedule.debug.xcconfig */,
				9A4A555EF88C146F2BD80D96 /* Pods-BsuirSchedule.release.xcconfig */,
			);
			name = Pods;
			sourceTree = "<group>";
		};
		A80CBAF2C8C1C7A432DFEEE2 /* Frameworks */ = {
			isa = PBXGroup;
			children = (
				1C0475F25D4F0A6464F4C497 /* Pods_BsuirSchedule.framework */,
			);
			name = Frameworks;
			sourceTree = "<group>";
		};
		F33DAC1B217E50D8006C65C5 /* APIStructures */ = {
			isa = PBXGroup;
			children = (
				F3C1653921734C610019BC9B /* GroupScheduleJSON.swift */,
				F33DAC1C217E5105006C65C5 /* EmployeeScheduleJSON.swift */,
				F33DAC24217E5196006C65C5 /* ListsJSON.swift */,
				F33DAC26217E51C9006C65C5 /* DateAndWeekJSON.swift */,
			);
			path = APIStructures;
			sourceTree = "<group>";
		};
		F386C6BF2173BCDC001B8500 /* ViewControllers */ = {
			isa = PBXGroup;
			children = (
				F3FA1A5E21748C5400A3E06C /* ScheduleTableViewCell.swift */,
				F386C6BD2173BCD7001B8500 /* ScheduleTableViewController.swift */,
				F35E4FB32179090800AD6B95 /* SettingsTableViewController.swift */,
			);
			path = ViewControllers;
			sourceTree = "<group>";
		};
		F3C1651B21734C0D0019BC9B = {
			isa = PBXGroup;
			children = (
				F3C1652621734C0D0019BC9B /* BsuirSchedule */,
				F3C1652521734C0D0019BC9B /* Products */,
				08BD88DB3C2EEF21E965F814 /* Pods */,
				A80CBAF2C8C1C7A432DFEEE2 /* Frameworks */,
			);
			sourceTree = "<group>";
		};
		F3C1652521734C0D0019BC9B /* Products */ = {
			isa = PBXGroup;
			children = (
				F3C1652421734C0D0019BC9B /* BsuirSchedule.app */,
			);
			name = Products;
			sourceTree = "<group>";
		};
		F3C1652621734C0D0019BC9B /* BsuirSchedule */ = {
			isa = PBXGroup;
			children = (
				F3C1652721734C0D0019BC9B /* AppDelegate.swift */,
				F3C1653B21734C640019BC9B /* Model */,
				F386C6BF2173BCDC001B8500 /* ViewControllers */,
				F3C1652B21734C0D0019BC9B /* Main.storyboard */,
				F3C1653021734C0E0019BC9B /* LaunchScreen.storyboard */,
				F3C1652E21734C0E0019BC9B /* Assets.xcassets */,
				F3C1653321734C0E0019BC9B /* Info.plist */,
			);
			path = BsuirSchedule;
			sourceTree = "<group>";
		};
		F3C1653B21734C640019BC9B /* Model */ = {
			isa = PBXGroup;
			children = (
				F33DAC1B217E50D8006C65C5 /* APIStructures */,
				F386C6C82173BF25001B8500 /* Teacher.swift */,
				F386C6C62173BEF8001B8500 /* Subject.swift */,
				F386C6C42173BEDD001B8500 /* Weekday.swift */,
				F386C6C22173BEA0001B8500 /* StudSchedule.swift */,
				F3FA1A5C2174695100A3E06C /* Parser.swift */,
				F39DB7572198AF9B00FE5A89 /* OnlineData.swift */,
				F3FA1A6021749C3F00A3E06C /* Schedule.swift */,
			);
			path = Model;
			sourceTree = "<group>";
		};
/* End PBXGroup section */

/* Begin PBXNativeTarget section */
		F3C1652321734C0D0019BC9B /* BsuirSchedule */ = {
			isa = PBXNativeTarget;
			buildConfigurationList = F3C1653621734C0E0019BC9B /* Build configuration list for PBXNativeTarget "BsuirSchedule" */;
			buildPhases = (
				64DF8AE62B268D5A880295B2 /* [CP] Check Pods Manifest.lock */,
				F3C1652021734C0D0019BC9B /* Sources */,
				F3C1652121734C0D0019BC9B /* Frameworks */,
				F3C1652221734C0D0019BC9B /* Resources */,
				E9C0A2E8778F304E73C8E820 /* [CP] Embed Pods Frameworks */,
			);
			buildRules = (
			);
			dependencies = (
			);
			name = BsuirSchedule;
			productName = BsuirSchedule;
			productReference = F3C1652421734C0D0019BC9B /* BsuirSchedule.app */;
			productType = "com.apple.product-type.application";
		};
/* End PBXNativeTarget section */

/* Begin PBXProject section */
		F3C1651C21734C0D0019BC9B /* Project object */ = {
			isa = PBXProject;
			attributes = {
				LastSwiftUpdateCheck = 1000;
				LastUpgradeCheck = 1000;
				ORGANIZATIONNAME = "Kiryl Holubeu";
				TargetAttributes = {
					F3C1652321734C0D0019BC9B = {
						CreatedOnToolsVersion = 10.0;
					};
				};
			};
			buildConfigurationList = F3C1651F21734C0D0019BC9B /* Build configuration list for PBXProject "BsuirSchedule" */;
			compatibilityVersion = "Xcode 9.3";
			developmentRegion = en;
			hasScannedForEncodings = 0;
			knownRegions = (
				en,
				Base,
			);
			mainGroup = F3C1651B21734C0D0019BC9B;
			productRefGroup = F3C1652521734C0D0019BC9B /* Products */;
			projectDirPath = "";
			projectRoot = "";
			targets = (
				F3C1652321734C0D0019BC9B /* BsuirSchedule */,
			);
		};
/* End PBXProject section */

/* Begin PBXResourcesBuildPhase section */
		F3C1652221734C0D0019BC9B /* Resources */ = {
			isa = PBXResourcesBuildPhase;
			buildActionMask = 2147483647;
			files = (
				F3C1653221734C0E0019BC9B /* LaunchScreen.storyboard in Resources */,
				F3C1652F21734C0E0019BC9B /* Assets.xcassets in Resources */,
				F3C1652D21734C0D0019BC9B /* Main.storyboard in Resources */,
			);
			runOnlyForDeploymentPostprocessing = 0;
		};
/* End PBXResourcesBuildPhase section */

/* Begin PBXShellScriptBuildPhase section */
		64DF8AE62B268D5A880295B2 /* [CP] Check Pods Manifest.lock */ = {
			isa = PBXShellScriptBuildPhase;
			buildActionMask = 2147483647;
			files = (
			);
			inputFileListPaths = (
			);
			inputPaths = (
				"${PODS_PODFILE_DIR_PATH}/Podfile.lock",
				"${PODS_ROOT}/Manifest.lock",
			);
			name = "[CP] Check Pods Manifest.lock";
			outputFileListPaths = (
			);
			outputPaths = (
				"$(DERIVED_FILE_DIR)/Pods-BsuirSchedule-checkManifestLockResult.txt",
			);
			runOnlyForDeploymentPostprocessing = 0;
			shellPath = /bin/sh;
			shellScript = "diff \"${PODS_PODFILE_DIR_PATH}/Podfile.lock\" \"${PODS_ROOT}/Manifest.lock\" > /dev/null\nif [ $? != 0 ] ; then\n    # print error to STDERR\n    echo \"error: The sandbox is not in sync with the Podfile.lock. Run 'pod install' or update your CocoaPods installation.\" >&2\n    exit 1\nfi\n# This output is used by Xcode 'outputs' to avoid re-running this script phase.\necho \"SUCCESS\" > \"${SCRIPT_OUTPUT_FILE_0}\"\n";
			showEnvVarsInLog = 0;
		};
		E9C0A2E8778F304E73C8E820 /* [CP] Embed Pods Frameworks */ = {
			isa = PBXShellScriptBuildPhase;
			buildActionMask = 2147483647;
			files = (
			);
			inputFileListPaths = (
			);
			inputPaths = (
				"${SRCROOT}/Pods/Target Support Files/Pods-BsuirSchedule/Pods-BsuirSchedule-frameworks.sh",
				"${BUILT_PRODUCTS_DIR}/sqlite3/sqlite3.framework",
			);
			name = "[CP] Embed Pods Frameworks";
			outputFileListPaths = (
			);
			outputPaths = (
				"${TARGET_BUILD_DIR}/${FRAMEWORKS_FOLDER_PATH}/sqlite3.framework",
			);
			runOnlyForDeploymentPostprocessing = 0;
			shellPath = /bin/sh;
			shellScript = "\"${SRCROOT}/Pods/Target Support Files/Pods-BsuirSchedule/Pods-BsuirSchedule-frameworks.sh\"\n";
			showEnvVarsInLog = 0;
		};
/* End PBXShellScriptBuildPhase section */

/* Begin PBXSourcesBuildPhase section */
		F3C1652021734C0D0019BC9B /* Sources */ = {
			isa = PBXSourcesBuildPhase;
			buildActionMask = 2147483647;
			files = (
				F33DAC1D217E5105006C65C5 /* EmployeeScheduleJSON.swift in Sources */,
				F33DAC25217E5196006C65C5 /* ListsJSON.swift in Sources */,
				F386C6C72173BEF8001B8500 /* Subject.swift in Sources */,
				F386C6C32173BEA0001B8500 /* StudSchedule.swift in Sources */,
				F386C6BE2173BCD7001B8500 /* ScheduleTableViewController.swift in Sources */,
				F33DAC27217E51C9006C65C5 /* DateAndWeekJSON.swift in Sources */,
				F39DB7582198AF9B00FE5A89 /* OnlineData.swift in Sources */,
				F35E4FB42179090800AD6B95 /* SettingsTableViewController.swift in Sources */,
				F3C1653A21734C610019BC9B /* GroupScheduleJSON.swift in Sources */,
				F3FA1A5D2174695100A3E06C /* Parser.swift in Sources */,
				F386C6C92173BF25001B8500 /* Teacher.swift in Sources */,
				F3C1652821734C0D0019BC9B /* AppDelegate.swift in Sources */,
				F386C6C52173BEDD001B8500 /* Weekday.swift in Sources */,
				F3FA1A6121749C3F00A3E06C /* Schedule.swift in Sources */,
				F3FA1A5F21748C5400A3E06C /* ScheduleTableViewCell.swift in Sources */,
			);
			runOnlyForDeploymentPostprocessing = 0;
		};
/* End PBXSourcesBuildPhase section */

/* Begin PBXVariantGroup section */
		F3C1652B21734C0D0019BC9B /* Main.storyboard */ = {
			isa = PBXVariantGroup;
			children = (
				F3C1652C21734C0D0019BC9B /* Base */,
			);
			name = Main.storyboard;
			sourceTree = "<group>";
		};
		F3C1653021734C0E0019BC9B /* LaunchScreen.storyboard */ = {
			isa = PBXVariantGroup;
			children = (
				F3C1653121734C0E0019BC9B /* Base */,
			);
			name = LaunchScreen.storyboard;
			sourceTree = "<group>";
		};
/* End PBXVariantGroup section */

/* Begin XCBuildConfiguration section */
		F3C1653421734C0E0019BC9B /* Debug */ = {
			isa = XCBuildConfiguration;
			buildSettings = {
				ALWAYS_SEARCH_USER_PATHS = NO;
				CLANG_ANALYZER_NONNULL = YES;
				CLANG_ANALYZER_NUMBER_OBJECT_CONVERSION = YES_AGGRESSIVE;
				CLANG_CXX_LANGUAGE_STANDARD = "gnu++14";
				CLANG_CXX_LIBRARY = "libc++";
				CLANG_ENABLE_MODULES = YES;
				CLANG_ENABLE_OBJC_ARC = YES;
				CLANG_ENABLE_OBJC_WEAK = YES;
				CLANG_WARN_BLOCK_CAPTURE_AUTORELEASING = YES;
				CLANG_WARN_BOOL_CONVERSION = YES;
				CLANG_WARN_COMMA = YES;
				CLANG_WARN_CONSTANT_CONVERSION = YES;
				CLANG_WARN_DEPRECATED_OBJC_IMPLEMENTATIONS = YES;
				CLANG_WARN_DIRECT_OBJC_ISA_USAGE = YES_ERROR;
				CLANG_WARN_DOCUMENTATION_COMMENTS = YES;
				CLANG_WARN_EMPTY_BODY = YES;
				CLANG_WARN_ENUM_CONVERSION = YES;
				CLANG_WARN_INFINITE_RECURSION = YES;
				CLANG_WARN_INT_CONVERSION = YES;
				CLANG_WARN_NON_LITERAL_NULL_CONVERSION = YES;
				CLANG_WARN_OBJC_IMPLICIT_RETAIN_SELF = YES;
				CLANG_WARN_OBJC_LITERAL_CONVERSION = YES;
				CLANG_WARN_OBJC_ROOT_CLASS = YES_ERROR;
				CLANG_WARN_RANGE_LOOP_ANALYSIS = YES;
				CLANG_WARN_STRICT_PROTOTYPES = YES;
				CLANG_WARN_SUSPICIOUS_MOVE = YES;
				CLANG_WARN_UNGUARDED_AVAILABILITY = YES_AGGRESSIVE;
				CLANG_WARN_UNREACHABLE_CODE = YES;
				CLANG_WARN__DUPLICATE_METHOD_MATCH = YES;
				CODE_SIGN_IDENTITY = "iPhone Developer";
				COPY_PHASE_STRIP = NO;
				DEBUG_INFORMATION_FORMAT = dwarf;
				ENABLE_STRICT_OBJC_MSGSEND = YES;
				ENABLE_TESTABILITY = YES;
				GCC_C_LANGUAGE_STANDARD = gnu11;
				GCC_DYNAMIC_NO_PIC = NO;
				GCC_NO_COMMON_BLOCKS = YES;
				GCC_OPTIMIZATION_LEVEL = 0;
				GCC_PREPROCESSOR_DEFINITIONS = (
					"DEBUG=1",
					"$(inherited)",
				);
				GCC_WARN_64_TO_32_BIT_CONVERSION = YES;
				GCC_WARN_ABOUT_RETURN_TYPE = YES_ERROR;
				GCC_WARN_UNDECLARED_SELECTOR = YES;
				GCC_WARN_UNINITIALIZED_AUTOS = YES_AGGRESSIVE;
				GCC_WARN_UNUSED_FUNCTION = YES;
				GCC_WARN_UNUSED_VARIABLE = YES;
				IPHONEOS_DEPLOYMENT_TARGET = 12.0;
				MTL_ENABLE_DEBUG_INFO = INCLUDE_SOURCE;
				MTL_FAST_MATH = YES;
				ONLY_ACTIVE_ARCH = YES;
				SDKROOT = iphoneos;
				SWIFT_ACTIVE_COMPILATION_CONDITIONS = DEBUG;
				SWIFT_OPTIMIZATION_LEVEL = "-Onone";
			};
			name = Debug;
		};
		F3C1653521734C0E0019BC9B /* Release */ = {
			isa = XCBuildConfiguration;
			buildSettings = {
				ALWAYS_SEARCH_USER_PATHS = NO;
				CLANG_ANALYZER_NONNULL = YES;
				CLANG_ANALYZER_NUMBER_OBJECT_CONVERSION = YES_AGGRESSIVE;
				CLANG_CXX_LANGUAGE_STANDARD = "gnu++14";
				CLANG_CXX_LIBRARY = "libc++";
				CLANG_ENABLE_MODULES = YES;
				CLANG_ENABLE_OBJC_ARC = YES;
				CLANG_ENABLE_OBJC_WEAK = YES;
				CLANG_WARN_BLOCK_CAPTURE_AUTORELEASING = YES;
				CLANG_WARN_BOOL_CONVERSION = YES;
				CLANG_WARN_COMMA = YES;
				CLANG_WARN_CONSTANT_CONVERSION = YES;
				CLANG_WARN_DEPRECATED_OBJC_IMPLEMENTATIONS = YES;
				CLANG_WARN_DIRECT_OBJC_ISA_USAGE = YES_ERROR;
				CLANG_WARN_DOCUMENTATION_COMMENTS = YES;
				CLANG_WARN_EMPTY_BODY = YES;
				CLANG_WARN_ENUM_CONVERSION = YES;
				CLANG_WARN_INFINITE_RECURSION = YES;
				CLANG_WARN_INT_CONVERSION = YES;
				CLANG_WARN_NON_LITERAL_NULL_CONVERSION = YES;
				CLANG_WARN_OBJC_IMPLICIT_RETAIN_SELF = YES;
				CLANG_WARN_OBJC_LITERAL_CONVERSION = YES;
				CLANG_WARN_OBJC_ROOT_CLASS = YES_ERROR;
				CLANG_WARN_RANGE_LOOP_ANALYSIS = YES;
				CLANG_WARN_STRICT_PROTOTYPES = YES;
				CLANG_WARN_SUSPICIOUS_MOVE = YES;
				CLANG_WARN_UNGUARDED_AVAILABILITY = YES_AGGRESSIVE;
				CLANG_WARN_UNREACHABLE_CODE = YES;
				CLANG_WARN__DUPLICATE_METHOD_MATCH = YES;
				CODE_SIGN_IDENTITY = "iPhone Developer";
				COPY_PHASE_STRIP = NO;
				DEBUG_INFORMATION_FORMAT = "dwarf-with-dsym";
				ENABLE_NS_ASSERTIONS = NO;
				ENABLE_STRICT_OBJC_MSGSEND = YES;
				GCC_C_LANGUAGE_STANDARD = gnu11;
				GCC_NO_COMMON_BLOCKS = YES;
				GCC_WARN_64_TO_32_BIT_CONVERSION = YES;
				GCC_WARN_ABOUT_RETURN_TYPE = YES_ERROR;
				GCC_WARN_UNDECLARED_SELECTOR = YES;
				GCC_WARN_UNINITIALIZED_AUTOS = YES_AGGRESSIVE;
				GCC_WARN_UNUSED_FUNCTION = YES;
				GCC_WARN_UNUSED_VARIABLE = YES;
				IPHONEOS_DEPLOYMENT_TARGET = 12.0;
				MTL_ENABLE_DEBUG_INFO = NO;
				MTL_FAST_MATH = YES;
				SDKROOT = iphoneos;
				SWIFT_COMPILATION_MODE = wholemodule;
				SWIFT_OPTIMIZATION_LEVEL = "-O";
				VALIDATE_PRODUCT = YES;
			};
			name = Release;
		};
		F3C1653721734C0E0019BC9B /* Debug */ = {
			isa = XCBuildConfiguration;
			baseConfigurationReference = 6C7C21292A15CDF86CB9B030 /* Pods-BsuirSchedule.debug.xcconfig */;
			buildSettings = {
				ASSETCATALOG_COMPILER_APPICON_NAME = AppIcon;
				CODE_SIGN_STYLE = Automatic;
				DEVELOPMENT_TEAM = 47K9CVZBFJ;
				INFOPLIST_FILE = BsuirSchedule/Info.plist;
				LD_RUNPATH_SEARCH_PATHS = (
					"$(inherited)",
					"@executable_path/Frameworks",
				);
				PRODUCT_BUNDLE_IDENTIFIER = men.brakh.BsuirSchedule;
				PRODUCT_NAME = "$(TARGET_NAME)";
				SWIFT_VERSION = 4.2;
				TARGETED_DEVICE_FAMILY = "1,2";
			};
			name = Debug;
		};
		F3C1653821734C0E0019BC9B /* Release */ = {
			isa = XCBuildConfiguration;
			baseConfigurationReference = 9A4A555EF88C146F2BD80D96 /* Pods-BsuirSchedule.release.xcconfig */;
			buildSettings = {
				ASSETCATALOG_COMPILER_APPICON_NAME = AppIcon;
				CODE_SIGN_STYLE = Automatic;
				DEVELOPMENT_TEAM = 47K9CVZBFJ;
				INFOPLIST_FILE = BsuirSchedule/Info.plist;
				LD_RUNPATH_SEARCH_PATHS = (
					"$(inherited)",
					"@executable_path/Frameworks",
				);
				PRODUCT_BUNDLE_IDENTIFIER = men.brakh.BsuirSchedule;
				PRODUCT_NAME = "$(TARGET_NAME)";
				SWIFT_VERSION = 4.2;
				TARGETED_DEVICE_FAMILY = "1,2";
			};
			name = Release;
		};
/* End XCBuildConfiguration section */

/* Begin XCConfigurationList section */
		F3C1651F21734C0D0019BC9B /* Build configuration list for PBXProject "BsuirSchedule" */ = {
			isa = XCConfigurationList;
			buildConfigurations = (
				F3C1653421734C0E0019BC9B /* Debug */,
				F3C1653521734C0E0019BC9B /* Release */,
			);
			defaultConfigurationIsVisible = 0;
			defaultConfigurationName = Release;
		};
		F3C1653621734C0E0019BC9B /* Build configuration list for PBXNativeTarget "BsuirSchedule" */ = {
			isa = XCConfigurationList;
			buildConfigurations = (
				F3C1653721734C0E0019BC9B /* Debug */,
				F3C1653821734C0E0019BC9B /* Release */,
			);
			defaultConfigurationIsVisible = 0;
			defaultConfigurationName = Release;
		};
/* End XCConfigurationList section */
	};
	rootObject = F3C1651C21734C0D0019BC9B /* Project object */;
}
