PODS:
  - sqlite3 (3.25.2):
    - sqlite3/common (= 3.25.2)
  - sqlite3/common (3.25.2)

DEPENDENCIES:
  - sqlite3

SPEC REPOS:
  https://github.com/cocoapods/specs.git:
    - sqlite3

SPEC CHECKSUMS:
  sqlite3: 10d61a910ba79c5fe4f3c14dc022242384968a78

PODFILE CHECKSUM: cb88f1f78f1c00797be5cb9f05519ee1a9ae2ea3

COCOAPODS: 1.5.3
